
Microsoft Visual Studio Solution File, Format Version 12.00
# Visual Studio 15
VisualStudioVersion = 15.0.28010.2036
MinimumVisualStudioVersion = 10.0.40219.1
Project("{FAE04EC0-301F-11D3-BF4B-00C04F79EFBC}") = "PP0501A", "PP0501A\PP0501A.csproj", "{7CD36D28-F86E-4E80-B8ED-4FF2CE0F4497}"
EndProject
Project("{FAE04EC0-301F-11D3-BF4B-00C04F79EFBC}") = "UnitTestProject1", "UnitTestProject1\UnitTestProject1.csproj", "{B0B95380-49FF-4C04-BF15-D125703DF750}"
EndProject
Global
	GlobalSection(SolutionConfigurationPlatforms) = preSolution
		Debug|Any CPU = Debug|Any CPU
		Release|Any CPU = Release|Any CPU
	EndGlobalSection
	GlobalSection(ProjectConfigurationPlatforms) = postSolution
		{7CD36D28-F86E-4E80-B8ED-4FF2CE0F4497}.Debug|Any CPU.ActiveCfg = Debug|Any CPU
		{7CD36D28-F86E-4E80-B8ED-4FF2CE0F4497}.Debug|Any CPU.Build.0 = Debug|Any CPU
		{7CD36D28-F86E-4E80-B8ED-4FF2CE0F4497}.Release|Any CPU.ActiveCfg = Release|Any CPU
		{7CD36D28-F86E-4E80-B8ED-4FF2CE0F4497}.Release|Any CPU.Build.0 = Release|Any CPU
		{B0B95380-49FF-4C04-BF15-D125703DF750}.Debug|Any CPU.ActiveCfg = Debug|Any CPU
		{B0B95380-49FF-4C04-BF15-D125703DF750}.Debug|Any CPU.Build.0 = Debug|Any CPU
		{B0B95380-49FF-4C04-BF15-D125703DF750}.Release|Any CPU.ActiveCfg = Release|Any CPU
		{B0B95380-49FF-4C04-BF15-D125703DF750}.Release|Any CPU.Build.0 = Release|Any CPU
	EndGlobalSection
	GlobalSection(SolutionProperties) = preSolution
		HideSolutionNode = FALSE
	EndGlobalSection
	GlobalSection(ExtensibilityGlobals) = postSolution
		SolutionGuid = {D16EE15A-74B6-405F-BB4E-7B635AF2CE4B}
	EndGlobalSection
EndGlobal
