
Microsoft Visual Studio Solution File, Format Version 12.00
# Visual Studio 15
VisualStudioVersion = 15.0.28010.2036
MinimumVisualStudioVersion = 10.0.40219.1
Project("{FAE04EC0-301F-11D3-BF4B-00C04F79EFBC}") = "FCTRL_TESTS", "FCTRL\FCTRL_TESTS.csproj", "{351A52A6-FDE6-4B41-8E1C-9DDC9EFC92D1}"
EndProject
Project("{FAE04EC0-301F-11D3-BF4B-00C04F79EFBC}") = "FCTRL3", "FCTRL3\FCTRL3.csproj", "{A30CD255-D6D7-4BF8-81CC-32F0D2B6C4D4}"
EndProject
Global
	GlobalSection(SolutionConfigurationPlatforms) = preSolution
		Debug|Any CPU = Debug|Any CPU
		Release|Any CPU = Release|Any CPU
	EndGlobalSection
	GlobalSection(ProjectConfigurationPlatforms) = postSolution
		{351A52A6-FDE6-4B41-8E1C-9DDC9EFC92D1}.Debug|Any CPU.ActiveCfg = Debug|Any CPU
		{351A52A6-FDE6-4B41-8E1C-9DDC9EFC92D1}.Debug|Any CPU.Build.0 = Debug|Any CPU
		{351A52A6-FDE6-4B41-8E1C-9DDC9EFC92D1}.Release|Any CPU.ActiveCfg = Release|Any CPU
		{351A52A6-FDE6-4B41-8E1C-9DDC9EFC92D1}.Release|Any CPU.Build.0 = Release|Any CPU
		{A30CD255-D6D7-4BF8-81CC-32F0D2B6C4D4}.Debug|Any CPU.ActiveCfg = Debug|Any CPU
		{A30CD255-D6D7-4BF8-81CC-32F0D2B6C4D4}.Debug|Any CPU.Build.0 = Debug|Any CPU
		{A30CD255-D6D7-4BF8-81CC-32F0D2B6C4D4}.Release|Any CPU.ActiveCfg = Release|Any CPU
		{A30CD255-D6D7-4BF8-81CC-32F0D2B6C4D4}.Release|Any CPU.Build.0 = Release|Any CPU
	EndGlobalSection
	GlobalSection(SolutionProperties) = preSolution
		HideSolutionNode = FALSE
	EndGlobalSection
	GlobalSection(ExtensibilityGlobals) = postSolution
		SolutionGuid = {3AD9F984-3021-4457-9429-C678CE88270D}
	EndGlobalSection
EndGlobal
